
Microsoft Visual Studio Solution File, Format Version 12.00
# Visual Studio Version 16
VisualStudioVersion = 16.0.31424.327
MinimumVisualStudioVersion = 10.0.40219.1
Project("{FAE04EC0-301F-11D3-BF4B-00C04F79EFBC}") = "DOTNET_15_new", "DOTNET_15_new.csproj", "{FB13CBFF-50B4-4B49-96CC-8C85DCDDD55C}"
EndProject
Global
	GlobalSection(SolutionConfigurationPlatforms) = preSolution
		Debug|Any CPU = Debug|Any CPU
		Release|Any CPU = Release|Any CPU
	EndGlobalSection
	GlobalSection(ProjectConfigurationPlatforms) = postSolution
		{FB13CBFF-50B4-4B49-96CC-8C85DCDDD55C}.Debug|Any CPU.ActiveCfg = Debug|Any CPU
		{FB13CBFF-50B4-4B49-96CC-8C85DCDDD55C}.Debug|Any CPU.Build.0 = Debug|Any CPU
		{FB13CBFF-50B4-4B49-96CC-8C85DCDDD55C}.Release|Any CPU.ActiveCfg = Release|Any CPU
		{FB13CBFF-50B4-4B49-96CC-8C85DCDDD55C}.Release|Any CPU.Build.0 = Release|Any CPU
	EndGlobalSection
	GlobalSection(SolutionProperties) = preSolution
		HideSolutionNode = FALSE
	EndGlobalSection
	GlobalSection(ExtensibilityGlobals) = postSolution
		SolutionGuid = {58DCF0EC-ED13-4B2F-BFB6-5C0976DBDDA7}
	EndGlobalSection
EndGlobal
