
Microsoft Visual Studio Solution File, Format Version 12.00
# Visual Studio Version 16
VisualStudioVersion = 16.0.30128.74
MinimumVisualStudioVersion = 10.0.40219.1
Project("{9A19103F-16F7-4668-BE54-9A1E7A4F7556}") = "ClassLibraryBjuro", "ClassLibraryBjuro\ClassLibraryBjuro.csproj", "{4D8E5933-03F4-4284-9A36-16B0E30ABDBE}"
EndProject
Project("{FAE04EC0-301F-11D3-BF4B-00C04F79EFBC}") = "Bjuro", "Bjuro\Bjuro.csproj", "{4159696E-8B7F-4129-B0CC-ED0346650EF6}"
EndProject
Project("{FAE04EC0-301F-11D3-BF4B-00C04F79EFBC}") = "WindowsFormsControlLibraryBjuro", "WindowsFormsControlLibraryBjuro\WindowsFormsControlLibraryBjuro.csproj", "{5B50EBFF-FBEC-49A9-9656-1FDB5689EB99}"
EndProject
Global
	GlobalSection(SolutionConfigurationPlatforms) = preSolution
		Debug|Any CPU = Debug|Any CPU
		Release|Any CPU = Release|Any CPU
	EndGlobalSection
	GlobalSection(ProjectConfigurationPlatforms) = postSolution
		{4D8E5933-03F4-4284-9A36-16B0E30ABDBE}.Debug|Any CPU.ActiveCfg = Debug|Any CPU
		{4D8E5933-03F4-4284-9A36-16B0E30ABDBE}.Debug|Any CPU.Build.0 = Debug|Any CPU
		{4D8E5933-03F4-4284-9A36-16B0E30ABDBE}.Release|Any CPU.ActiveCfg = Release|Any CPU
		{4D8E5933-03F4-4284-9A36-16B0E30ABDBE}.Release|Any CPU.Build.0 = Release|Any CPU
		{4159696E-8B7F-4129-B0CC-ED0346650EF6}.Debug|Any CPU.ActiveCfg = Debug|Any CPU
		{4159696E-8B7F-4129-B0CC-ED0346650EF6}.Debug|Any CPU.Build.0 = Debug|Any CPU
		{4159696E-8B7F-4129-B0CC-ED0346650EF6}.Release|Any CPU.ActiveCfg = Release|Any CPU
		{4159696E-8B7F-4129-B0CC-ED0346650EF6}.Release|Any CPU.Build.0 = Release|Any CPU
		{5B50EBFF-FBEC-49A9-9656-1FDB5689EB99}.Debug|Any CPU.ActiveCfg = Debug|Any CPU
		{5B50EBFF-FBEC-49A9-9656-1FDB5689EB99}.Debug|Any CPU.Build.0 = Debug|Any CPU
		{5B50EBFF-FBEC-49A9-9656-1FDB5689EB99}.Release|Any CPU.ActiveCfg = Release|Any CPU
		{5B50EBFF-FBEC-49A9-9656-1FDB5689EB99}.Release|Any CPU.Build.0 = Release|Any CPU
	EndGlobalSection
	GlobalSection(SolutionProperties) = preSolution
		HideSolutionNode = FALSE
	EndGlobalSection
	GlobalSection(ExtensibilityGlobals) = postSolution
		SolutionGuid = {D7D400AE-7665-44E7-AF52-46D29788C157}
	EndGlobalSection
EndGlobal
