
Microsoft Visual Studio Solution File, Format Version 12.00
# Visual Studio Version 17
VisualStudioVersion = 17.0.31903.59
MinimumVisualStudioVersion = 10.0.40219.1
Project("{FAE04EC0-301F-11D3-BF4B-00C04F79EFBC}") = "№1-1", "№1-1\№1-1.csproj", "{F04B5D20-4A69-433C-81AF-29CCBE6D1AF5}"
EndProject
Project("{FAE04EC0-301F-11D3-BF4B-00C04F79EFBC}") = "№1-2", "№1-2\№1-2.csproj", "{9EDDCA03-1C85-4DBF-90BA-B86CC3944055}"
EndProject
Project("{FAE04EC0-301F-11D3-BF4B-00C04F79EFBC}") = "№2-1", "№2-1\№2-1.csproj", "{DF79C24F-4802-471E-A0CD-12C7464FA34B}"
EndProject
Project("{FAE04EC0-301F-11D3-BF4B-00C04F79EFBC}") = "№2-2", "№2-2\№2-2.csproj", "{706C9185-E3A9-473C-950D-D9A2201C7583}"
EndProject
Project("{FAE04EC0-301F-11D3-BF4B-00C04F79EFBC}") = "№2-3", "№2-3\№2-3.csproj", "{3AD39CD8-A4D2-4C37-93CB-F78191D5F283}"
EndProject
Project("{FAE04EC0-301F-11D3-BF4B-00C04F79EFBC}") = "№3-1", "№3-1\№3-1.csproj", "{DB5960D3-12B0-4D86-B152-97B53700FFCA}"
EndProject
Project("{FAE04EC0-301F-11D3-BF4B-00C04F79EFBC}") = "№4-1", "№4-1\№4-1.csproj", "{D3161886-EBA2-4AAC-B6A2-68DBD5BD9F54}"
EndProject
Project("{FAE04EC0-301F-11D3-BF4B-00C04F79EFBC}") = "№4-2", "№4-2\№4-2.csproj", "{2D82EE12-4C9A-4EAB-A6FE-69298B143393}"
EndProject
Project("{FAE04EC0-301F-11D3-BF4B-00C04F79EFBC}") = "№1-3", "№1-3\№1-3.csproj", "{DB1F794B-02D0-4061-9928-2C7562BFF823}"
EndProject
Project("{FAE04EC0-301F-11D3-BF4B-00C04F79EFBC}") = "№5", "№5\№5.csproj", "{B45DAB8D-BAC5-49C4-A6B0-D59EDD2A7C52}"
EndProject
Project("{FAE04EC0-301F-11D3-BF4B-00C04F79EFBC}") = "ClassLibraryJob", "ClassLibraryJob\ClassLibraryJob.csproj", "{0147C601-DE8F-43CB-AB9C-310F9F25FB74}"
EndProject
Project("{FAE04EC0-301F-11D3-BF4B-00C04F79EFBC}") = "№6", "№6\№6.csproj", "{7DAEE48A-9CD3-46C5-B0E1-7823F8459805}"
EndProject
Project("{FAE04EC0-301F-11D3-BF4B-00C04F79EFBC}") = "№7", "№7\№7.csproj", "{426BDA04-530C-41A3-8DA7-15AA588AE1C8}"
EndProject
Project("{FAE04EC0-301F-11D3-BF4B-00C04F79EFBC}") = "WindowsFormsControlLibraryJob", "WindowsFormsControlLibraryJob\WindowsFormsControlLibraryJob.csproj", "{3575AD5C-7E82-4964-A064-CB7D6D0E403B}"
EndProject
Project("{FAE04EC0-301F-11D3-BF4B-00C04F79EFBC}") = "№8", "№8\№8.csproj", "{A72946A8-3F94-43B5-B63B-59878DB35D21}"
EndProject
Project("{FAE04EC0-301F-11D3-BF4B-00C04F79EFBC}") = "textEditor", "textEditor\textEditor.csproj", "{F60A0F76-7C35-4EB9-A44C-2AF9CB4ED906}"
EndProject
Project("{FAE04EC0-301F-11D3-BF4B-00C04F79EFBC}") = "№9-1", "№9\№9-1.csproj", "{866DAE21-649A-41FE-AEE7-6CCB1C1E90F0}"
EndProject
Project("{FAE04EC0-301F-11D3-BF4B-00C04F79EFBC}") = "№9-2", "№9-2\№9-2.csproj", "{291F139F-63DA-40B7-9C82-E0B9F079326D}"
EndProject
Project("{FAE04EC0-301F-11D3-BF4B-00C04F79EFBC}") = "Client", "№10\Client.csproj", "{3F62D499-A35C-4216-AAE1-A77B2B51E83C}"
EndProject
Global
	GlobalSection(SolutionConfigurationPlatforms) = preSolution
		Debug|Any CPU = Debug|Any CPU
		Release|Any CPU = Release|Any CPU
	EndGlobalSection
	GlobalSection(ProjectConfigurationPlatforms) = postSolution
		{F04B5D20-4A69-433C-81AF-29CCBE6D1AF5}.Debug|Any CPU.ActiveCfg = Debug|Any CPU
		{F04B5D20-4A69-433C-81AF-29CCBE6D1AF5}.Debug|Any CPU.Build.0 = Debug|Any CPU
		{F04B5D20-4A69-433C-81AF-29CCBE6D1AF5}.Release|Any CPU.ActiveCfg = Release|Any CPU
		{F04B5D20-4A69-433C-81AF-29CCBE6D1AF5}.Release|Any CPU.Build.0 = Release|Any CPU
		{9EDDCA03-1C85-4DBF-90BA-B86CC3944055}.Debug|Any CPU.ActiveCfg = Debug|Any CPU
		{9EDDCA03-1C85-4DBF-90BA-B86CC3944055}.Debug|Any CPU.Build.0 = Debug|Any CPU
		{9EDDCA03-1C85-4DBF-90BA-B86CC3944055}.Release|Any CPU.ActiveCfg = Release|Any CPU
		{9EDDCA03-1C85-4DBF-90BA-B86CC3944055}.Release|Any CPU.Build.0 = Release|Any CPU
		{DF79C24F-4802-471E-A0CD-12C7464FA34B}.Debug|Any CPU.ActiveCfg = Debug|Any CPU
		{DF79C24F-4802-471E-A0CD-12C7464FA34B}.Debug|Any CPU.Build.0 = Debug|Any CPU
		{DF79C24F-4802-471E-A0CD-12C7464FA34B}.Release|Any CPU.ActiveCfg = Release|Any CPU
		{DF79C24F-4802-471E-A0CD-12C7464FA34B}.Release|Any CPU.Build.0 = Release|Any CPU
		{706C9185-E3A9-473C-950D-D9A2201C7583}.Debug|Any CPU.ActiveCfg = Debug|Any CPU
		{706C9185-E3A9-473C-950D-D9A2201C7583}.Debug|Any CPU.Build.0 = Debug|Any CPU
		{706C9185-E3A9-473C-950D-D9A2201C7583}.Release|Any CPU.ActiveCfg = Release|Any CPU
		{706C9185-E3A9-473C-950D-D9A2201C7583}.Release|Any CPU.Build.0 = Release|Any CPU
		{3AD39CD8-A4D2-4C37-93CB-F78191D5F283}.Debug|Any CPU.ActiveCfg = Debug|Any CPU
		{3AD39CD8-A4D2-4C37-93CB-F78191D5F283}.Debug|Any CPU.Build.0 = Debug|Any CPU
		{3AD39CD8-A4D2-4C37-93CB-F78191D5F283}.Release|Any CPU.ActiveCfg = Release|Any CPU
		{3AD39CD8-A4D2-4C37-93CB-F78191D5F283}.Release|Any CPU.Build.0 = Release|Any CPU
		{DB5960D3-12B0-4D86-B152-97B53700FFCA}.Debug|Any CPU.ActiveCfg = Debug|Any CPU
		{DB5960D3-12B0-4D86-B152-97B53700FFCA}.Debug|Any CPU.Build.0 = Debug|Any CPU
		{DB5960D3-12B0-4D86-B152-97B53700FFCA}.Release|Any CPU.ActiveCfg = Release|Any CPU
		{DB5960D3-12B0-4D86-B152-97B53700FFCA}.Release|Any CPU.Build.0 = Release|Any CPU
		{D3161886-EBA2-4AAC-B6A2-68DBD5BD9F54}.Debug|Any CPU.ActiveCfg = Debug|Any CPU
		{D3161886-EBA2-4AAC-B6A2-68DBD5BD9F54}.Debug|Any CPU.Build.0 = Debug|Any CPU
		{D3161886-EBA2-4AAC-B6A2-68DBD5BD9F54}.Release|Any CPU.ActiveCfg = Release|Any CPU
		{D3161886-EBA2-4AAC-B6A2-68DBD5BD9F54}.Release|Any CPU.Build.0 = Release|Any CPU
		{2D82EE12-4C9A-4EAB-A6FE-69298B143393}.Debug|Any CPU.ActiveCfg = Debug|Any CPU
		{2D82EE12-4C9A-4EAB-A6FE-69298B143393}.Debug|Any CPU.Build.0 = Debug|Any CPU
		{2D82EE12-4C9A-4EAB-A6FE-69298B143393}.Release|Any CPU.ActiveCfg = Release|Any CPU
		{2D82EE12-4C9A-4EAB-A6FE-69298B143393}.Release|Any CPU.Build.0 = Release|Any CPU
		{DB1F794B-02D0-4061-9928-2C7562BFF823}.Debug|Any CPU.ActiveCfg = Debug|Any CPU
		{DB1F794B-02D0-4061-9928-2C7562BFF823}.Debug|Any CPU.Build.0 = Debug|Any CPU
		{DB1F794B-02D0-4061-9928-2C7562BFF823}.Release|Any CPU.ActiveCfg = Release|Any CPU
		{DB1F794B-02D0-4061-9928-2C7562BFF823}.Release|Any CPU.Build.0 = Release|Any CPU
		{B45DAB8D-BAC5-49C4-A6B0-D59EDD2A7C52}.Debug|Any CPU.ActiveCfg = Debug|Any CPU
		{B45DAB8D-BAC5-49C4-A6B0-D59EDD2A7C52}.Debug|Any CPU.Build.0 = Debug|Any CPU
		{B45DAB8D-BAC5-49C4-A6B0-D59EDD2A7C52}.Release|Any CPU.ActiveCfg = Release|Any CPU
		{B45DAB8D-BAC5-49C4-A6B0-D59EDD2A7C52}.Release|Any CPU.Build.0 = Release|Any CPU
		{0147C601-DE8F-43CB-AB9C-310F9F25FB74}.Debug|Any CPU.ActiveCfg = Debug|Any CPU
		{0147C601-DE8F-43CB-AB9C-310F9F25FB74}.Debug|Any CPU.Build.0 = Debug|Any CPU
		{0147C601-DE8F-43CB-AB9C-310F9F25FB74}.Release|Any CPU.ActiveCfg = Release|Any CPU
		{0147C601-DE8F-43CB-AB9C-310F9F25FB74}.Release|Any CPU.Build.0 = Release|Any CPU
		{7DAEE48A-9CD3-46C5-B0E1-7823F8459805}.Debug|Any CPU.ActiveCfg = Debug|Any CPU
		{7DAEE48A-9CD3-46C5-B0E1-7823F8459805}.Debug|Any CPU.Build.0 = Debug|Any CPU
		{7DAEE48A-9CD3-46C5-B0E1-7823F8459805}.Release|Any CPU.ActiveCfg = Release|Any CPU
		{7DAEE48A-9CD3-46C5-B0E1-7823F8459805}.Release|Any CPU.Build.0 = Release|Any CPU
		{426BDA04-530C-41A3-8DA7-15AA588AE1C8}.Debug|Any CPU.ActiveCfg = Debug|Any CPU
		{426BDA04-530C-41A3-8DA7-15AA588AE1C8}.Debug|Any CPU.Build.0 = Debug|Any CPU
		{426BDA04-530C-41A3-8DA7-15AA588AE1C8}.Release|Any CPU.ActiveCfg = Release|Any CPU
		{426BDA04-530C-41A3-8DA7-15AA588AE1C8}.Release|Any CPU.Build.0 = Release|Any CPU
		{3575AD5C-7E82-4964-A064-CB7D6D0E403B}.Debug|Any CPU.ActiveCfg = Debug|Any CPU
		{3575AD5C-7E82-4964-A064-CB7D6D0E403B}.Debug|Any CPU.Build.0 = Debug|Any CPU
		{3575AD5C-7E82-4964-A064-CB7D6D0E403B}.Release|Any CPU.ActiveCfg = Release|Any CPU
		{3575AD5C-7E82-4964-A064-CB7D6D0E403B}.Release|Any CPU.Build.0 = Release|Any CPU
		{A72946A8-3F94-43B5-B63B-59878DB35D21}.Debug|Any CPU.ActiveCfg = Debug|Any CPU
		{A72946A8-3F94-43B5-B63B-59878DB35D21}.Debug|Any CPU.Build.0 = Debug|Any CPU
		{A72946A8-3F94-43B5-B63B-59878DB35D21}.Release|Any CPU.ActiveCfg = Release|Any CPU
		{A72946A8-3F94-43B5-B63B-59878DB35D21}.Release|Any CPU.Build.0 = Release|Any CPU
		{F60A0F76-7C35-4EB9-A44C-2AF9CB4ED906}.Debug|Any CPU.ActiveCfg = Debug|Any CPU
		{F60A0F76-7C35-4EB9-A44C-2AF9CB4ED906}.Debug|Any CPU.Build.0 = Debug|Any CPU
		{F60A0F76-7C35-4EB9-A44C-2AF9CB4ED906}.Release|Any CPU.ActiveCfg = Release|Any CPU
		{F60A0F76-7C35-4EB9-A44C-2AF9CB4ED906}.Release|Any CPU.Build.0 = Release|Any CPU
		{866DAE21-649A-41FE-AEE7-6CCB1C1E90F0}.Debug|Any CPU.ActiveCfg = Debug|Any CPU
		{866DAE21-649A-41FE-AEE7-6CCB1C1E90F0}.Debug|Any CPU.Build.0 = Debug|Any CPU
		{866DAE21-649A-41FE-AEE7-6CCB1C1E90F0}.Release|Any CPU.ActiveCfg = Release|Any CPU
		{866DAE21-649A-41FE-AEE7-6CCB1C1E90F0}.Release|Any CPU.Build.0 = Release|Any CPU
		{291F139F-63DA-40B7-9C82-E0B9F079326D}.Debug|Any CPU.ActiveCfg = Debug|Any CPU
		{291F139F-63DA-40B7-9C82-E0B9F079326D}.Debug|Any CPU.Build.0 = Debug|Any CPU
		{291F139F-63DA-40B7-9C82-E0B9F079326D}.Release|Any CPU.ActiveCfg = Release|Any CPU
		{291F139F-63DA-40B7-9C82-E0B9F079326D}.Release|Any CPU.Build.0 = Release|Any CPU
		{3F62D499-A35C-4216-AAE1-A77B2B51E83C}.Debug|Any CPU.ActiveCfg = Debug|Any CPU
		{3F62D499-A35C-4216-AAE1-A77B2B51E83C}.Debug|Any CPU.Build.0 = Debug|Any CPU
		{3F62D499-A35C-4216-AAE1-A77B2B51E83C}.Release|Any CPU.ActiveCfg = Release|Any CPU
		{3F62D499-A35C-4216-AAE1-A77B2B51E83C}.Release|Any CPU.Build.0 = Release|Any CPU
	EndGlobalSection
	GlobalSection(SolutionProperties) = preSolution
		HideSolutionNode = FALSE
	EndGlobalSection
	GlobalSection(ExtensibilityGlobals) = postSolution
		SolutionGuid = {2D1705B1-0A84-4609-952D-2963F9CF8FD3}
	EndGlobalSection
EndGlobal
