
Microsoft Visual Studio Solution File, Format Version 12.00
# Visual Studio Version 16
VisualStudioVersion = 16.0.30413.136
MinimumVisualStudioVersion = 10.0.40219.1
Project("{FAE04EC0-301F-11D3-BF4B-00C04F79EFBC}") = "ClientConsole", "Client\ClientConsole.csproj", "{61AC3E94-4FC9-460E-8636-4605CA9BCA41}"
EndProject
Project("{FAE04EC0-301F-11D3-BF4B-00C04F79EFBC}") = "Server", "Server\Server.csproj", "{1DB84EF7-F9D1-4DE4-8C39-47B1DAEBD337}"
EndProject
Project("{FAE04EC0-301F-11D3-BF4B-00C04F79EFBC}") = "ClassLibraryAnimals", "ClassLibraryAnimals\ClassLibraryAnimals.csproj", "{F3175506-7893-47F9-A3A4-EE3439923BD5}"
EndProject
Project("{FAE04EC0-301F-11D3-BF4B-00C04F79EFBC}") = "ClientWF", "ClientForms\ClientWF.csproj", "{E79C2E15-DE66-4179-89F7-70233D69F17C}"
EndProject
Global
	GlobalSection(SolutionConfigurationPlatforms) = preSolution
		Debug|Any CPU = Debug|Any CPU
		Release|Any CPU = Release|Any CPU
	EndGlobalSection
	GlobalSection(ProjectConfigurationPlatforms) = postSolution
		{61AC3E94-4FC9-460E-8636-4605CA9BCA41}.Debug|Any CPU.ActiveCfg = Debug|Any CPU
		{61AC3E94-4FC9-460E-8636-4605CA9BCA41}.Debug|Any CPU.Build.0 = Debug|Any CPU
		{61AC3E94-4FC9-460E-8636-4605CA9BCA41}.Release|Any CPU.ActiveCfg = Release|Any CPU
		{61AC3E94-4FC9-460E-8636-4605CA9BCA41}.Release|Any CPU.Build.0 = Release|Any CPU
		{1DB84EF7-F9D1-4DE4-8C39-47B1DAEBD337}.Debug|Any CPU.ActiveCfg = Debug|Any CPU
		{1DB84EF7-F9D1-4DE4-8C39-47B1DAEBD337}.Debug|Any CPU.Build.0 = Debug|Any CPU
		{1DB84EF7-F9D1-4DE4-8C39-47B1DAEBD337}.Release|Any CPU.ActiveCfg = Release|Any CPU
		{1DB84EF7-F9D1-4DE4-8C39-47B1DAEBD337}.Release|Any CPU.Build.0 = Release|Any CPU
		{F3175506-7893-47F9-A3A4-EE3439923BD5}.Debug|Any CPU.ActiveCfg = Debug|Any CPU
		{F3175506-7893-47F9-A3A4-EE3439923BD5}.Debug|Any CPU.Build.0 = Debug|Any CPU
		{F3175506-7893-47F9-A3A4-EE3439923BD5}.Release|Any CPU.ActiveCfg = Release|Any CPU
		{F3175506-7893-47F9-A3A4-EE3439923BD5}.Release|Any CPU.Build.0 = Release|Any CPU
		{E79C2E15-DE66-4179-89F7-70233D69F17C}.Debug|Any CPU.ActiveCfg = Debug|Any CPU
		{E79C2E15-DE66-4179-89F7-70233D69F17C}.Debug|Any CPU.Build.0 = Debug|Any CPU
		{E79C2E15-DE66-4179-89F7-70233D69F17C}.Release|Any CPU.ActiveCfg = Release|Any CPU
		{E79C2E15-DE66-4179-89F7-70233D69F17C}.Release|Any CPU.Build.0 = Release|Any CPU
	EndGlobalSection
	GlobalSection(SolutionProperties) = preSolution
		HideSolutionNode = FALSE
	EndGlobalSection
	GlobalSection(ExtensibilityGlobals) = postSolution
		SolutionGuid = {524ADFA8-6E90-4CE9-A522-6BE972C33E0D}
	EndGlobalSection
EndGlobal
